
Microsoft Visual Studio Solution File, Format Version 12.00
# Visual Studio Version 17
VisualStudioVersion = 17.9.34902.65
MinimumVisualStudioVersion = 10.0.40219.1
Project("{FAE04EC0-301F-11D3-BF4B-00C04F79EFBC}") = "HH.Api", "HH.Api\HH.Api.csproj", "{032E19A4-23F9-4C0D-BB29-A3B1D6D1DBD3}"
EndProject
Project("{FAE04EC0-301F-11D3-BF4B-00C04F79EFBC}") = "HH.Domain", "HH.Domain\HH.Domain.csproj", "{5288812A-7AE9-4F43-B675-419E70C5B80B}"
EndProject
Global
	GlobalSection(SolutionConfigurationPlatforms) = preSolution
		Debug|Any CPU = Debug|Any CPU
		Release|Any CPU = Release|Any CPU
	EndGlobalSection
	GlobalSection(ProjectConfigurationPlatforms) = postSolution
		{032E19A4-23F9-4C0D-BB29-A3B1D6D1DBD3}.Debug|Any CPU.ActiveCfg = Debug|Any CPU
		{032E19A4-23F9-4C0D-BB29-A3B1D6D1DBD3}.Debug|Any CPU.Build.0 = Debug|Any CPU
		{032E19A4-23F9-4C0D-BB29-A3B1D6D1DBD3}.Release|Any CPU.ActiveCfg = Release|Any CPU
		{032E19A4-23F9-4C0D-BB29-A3B1D6D1DBD3}.Release|Any CPU.Build.0 = Release|Any CPU
		{5288812A-7AE9-4F43-B675-419E70C5B80B}.Debug|Any CPU.ActiveCfg = Debug|Any CPU
		{5288812A-7AE9-4F43-B675-419E70C5B80B}.Debug|Any CPU.Build.0 = Debug|Any CPU
		{5288812A-7AE9-4F43-B675-419E70C5B80B}.Release|Any CPU.ActiveCfg = Release|Any CPU
		{5288812A-7AE9-4F43-B675-419E70C5B80B}.Release|Any CPU.Build.0 = Release|Any CPU
	EndGlobalSection
	GlobalSection(SolutionProperties) = preSolution
		HideSolutionNode = FALSE
	EndGlobalSection
	GlobalSection(ExtensibilityGlobals) = postSolution
		SolutionGuid = {A0499987-FF27-47BB-A92A-FCD85FAFCD37}
	EndGlobalSection
EndGlobal
